
Microsoft Visual Studio Solution File, Format Version 12.00
# Visual Studio 2013
VisualStudioVersion = 12.0.40629.0
MinimumVisualStudioVersion = 10.0.40219.1
Project("{FAE04EC0-301F-11D3-BF4B-00C04F79EFBC}") = "WindowsService - SelfHosted", "WindowsService - SelfHosted\WindowsService - SelfHosted.csproj", "{422DC043-469A-49A0-832B-544B0374AA01}"
EndProject
Global
	GlobalSection(SolutionConfigurationPlatforms) = preSolution
		Debug|Any CPU = Debug|Any CPU
		Release|Any CPU = Release|Any CPU
	EndGlobalSection
	GlobalSection(ProjectConfigurationPlatforms) = postSolution
		{422DC043-469A-49A0-832B-544B0374AA01}.Debug|Any CPU.ActiveCfg = Debug|Any CPU
		{422DC043-469A-49A0-832B-544B0374AA01}.Debug|Any CPU.Build.0 = Debug|Any CPU
		{422DC043-469A-49A0-832B-544B0374AA01}.Release|Any CPU.ActiveCfg = Release|Any CPU
		{422DC043-469A-49A0-832B-544B0374AA01}.Release|Any CPU.Build.0 = Release|Any CPU
	EndGlobalSection
	GlobalSection(SolutionProperties) = preSolution
		HideSolutionNode = FALSE
	EndGlobalSection
EndGlobal
